
Microsoft Visual Studio Solution File, Format Version 12.00
# Visual Studio Version 16
Project("{2150E333-8FDC-42A3-9474-1A3956D46DE8}") = "CMakePredefinedTargets", "CMakePredefinedTargets", "{54E7FD7E-81EA-3B30-A890-3236BB00D67B}"
EndProject
Project("{8BC9CEB8-8B4A-11D0-8D11-00A0C91BC942}") = "CSC8503", "CSC8503\CSC8503.vcxproj", "{C1ECBA6D-5BDA-3BBF-A3CE-7C348A6F420E}"
	ProjectSection(ProjectDependencies) = postProject
		{C40DE081-7E89-3CEC-849F-19F4DA321B2E} = {C40DE081-7E89-3CEC-849F-19F4DA321B2E}
		{199E8C6C-D045-320B-9A9F-677D966CB7FD} = {199E8C6C-D045-320B-9A9F-677D966CB7FD}
		{66029259-29AE-3DAE-8A21-671F814CF1AC} = {66029259-29AE-3DAE-8A21-671F814CF1AC}
		{F548D1AC-2FAC-3B56-BE3E-16C346BB7B74} = {F548D1AC-2FAC-3B56-BE3E-16C346BB7B74}
	EndProjectSection
EndProject
Project("{8BC9CEB8-8B4A-11D0-8D11-00A0C91BC942}") = "ALL_BUILD", "ALL_BUILD.vcxproj", "{AF46C862-72A2-3C1A-B7F8-6B433A087680}"
	ProjectSection(ProjectDependencies) = postProject
		{C1ECBA6D-5BDA-3BBF-A3CE-7C348A6F420E} = {C1ECBA6D-5BDA-3BBF-A3CE-7C348A6F420E}
		{C40DE081-7E89-3CEC-849F-19F4DA321B2E} = {C40DE081-7E89-3CEC-849F-19F4DA321B2E}
		{199E8C6C-D045-320B-9A9F-677D966CB7FD} = {199E8C6C-D045-320B-9A9F-677D966CB7FD}
		{66029259-29AE-3DAE-8A21-671F814CF1AC} = {66029259-29AE-3DAE-8A21-671F814CF1AC}
		{F548D1AC-2FAC-3B56-BE3E-16C346BB7B74} = {F548D1AC-2FAC-3B56-BE3E-16C346BB7B74}
	EndProjectSection
EndProject
Project("{8BC9CEB8-8B4A-11D0-8D11-00A0C91BC942}") = "CSC8503CoreClasses", "CSC8503CoreClasses\CSC8503CoreClasses.vcxproj", "{C40DE081-7E89-3CEC-849F-19F4DA321B2E}"
	ProjectSection(ProjectDependencies) = postProject
		{F548D1AC-2FAC-3B56-BE3E-16C346BB7B74} = {F548D1AC-2FAC-3B56-BE3E-16C346BB7B74}
	EndProjectSection
EndProject
Project("{8BC9CEB8-8B4A-11D0-8D11-00A0C91BC942}") = "NCLCoreClasses", "NCLCoreClasses\NCLCoreClasses.vcxproj", "{199E8C6C-D045-320B-9A9F-677D966CB7FD}"
	ProjectSection(ProjectDependencies) = postProject
		{F548D1AC-2FAC-3B56-BE3E-16C346BB7B74} = {F548D1AC-2FAC-3B56-BE3E-16C346BB7B74}
	EndProjectSection
EndProject
Project("{8BC9CEB8-8B4A-11D0-8D11-00A0C91BC942}") = "OpenGLRendering", "OpenGLRendering\OpenGLRendering.vcxproj", "{66029259-29AE-3DAE-8A21-671F814CF1AC}"
	ProjectSection(ProjectDependencies) = postProject
		{199E8C6C-D045-320B-9A9F-677D966CB7FD} = {199E8C6C-D045-320B-9A9F-677D966CB7FD}
		{F548D1AC-2FAC-3B56-BE3E-16C346BB7B74} = {F548D1AC-2FAC-3B56-BE3E-16C346BB7B74}
	EndProjectSection
EndProject
Project("{8BC9CEB8-8B4A-11D0-8D11-00A0C91BC942}") = "ZERO_CHECK", "ZERO_CHECK.vcxproj", "{F548D1AC-2FAC-3B56-BE3E-16C346BB7B74}"
	ProjectSection(ProjectDependencies) = postProject
	EndProjectSection
EndProject
Global
	GlobalSection(SolutionConfigurationPlatforms) = preSolution
		Debug|x64 = Debug|x64
		Release|x64 = Release|x64
	EndGlobalSection
	GlobalSection(ProjectConfigurationPlatforms) = postSolution
		{C1ECBA6D-5BDA-3BBF-A3CE-7C348A6F420E}.Debug|x64.ActiveCfg = Debug|x64
		{C1ECBA6D-5BDA-3BBF-A3CE-7C348A6F420E}.Debug|x64.Build.0 = Debug|x64
		{C1ECBA6D-5BDA-3BBF-A3CE-7C348A6F420E}.Release|x64.ActiveCfg = Release|x64
		{C1ECBA6D-5BDA-3BBF-A3CE-7C348A6F420E}.Release|x64.Build.0 = Release|x64
		{AF46C862-72A2-3C1A-B7F8-6B433A087680}.Debug|x64.ActiveCfg = Debug|x64
		{AF46C862-72A2-3C1A-B7F8-6B433A087680}.Release|x64.ActiveCfg = Release|x64
		{C40DE081-7E89-3CEC-849F-19F4DA321B2E}.Debug|x64.ActiveCfg = Debug|x64
		{C40DE081-7E89-3CEC-849F-19F4DA321B2E}.Debug|x64.Build.0 = Debug|x64
		{C40DE081-7E89-3CEC-849F-19F4DA321B2E}.Release|x64.ActiveCfg = Release|x64
		{C40DE081-7E89-3CEC-849F-19F4DA321B2E}.Release|x64.Build.0 = Release|x64
		{199E8C6C-D045-320B-9A9F-677D966CB7FD}.Debug|x64.ActiveCfg = Debug|x64
		{199E8C6C-D045-320B-9A9F-677D966CB7FD}.Debug|x64.Build.0 = Debug|x64
		{199E8C6C-D045-320B-9A9F-677D966CB7FD}.Release|x64.ActiveCfg = Release|x64
		{199E8C6C-D045-320B-9A9F-677D966CB7FD}.Release|x64.Build.0 = Release|x64
		{66029259-29AE-3DAE-8A21-671F814CF1AC}.Debug|x64.ActiveCfg = Debug|x64
		{66029259-29AE-3DAE-8A21-671F814CF1AC}.Debug|x64.Build.0 = Debug|x64
		{66029259-29AE-3DAE-8A21-671F814CF1AC}.Release|x64.ActiveCfg = Release|x64
		{66029259-29AE-3DAE-8A21-671F814CF1AC}.Release|x64.Build.0 = Release|x64
		{F548D1AC-2FAC-3B56-BE3E-16C346BB7B74}.Debug|x64.ActiveCfg = Debug|x64
		{F548D1AC-2FAC-3B56-BE3E-16C346BB7B74}.Debug|x64.Build.0 = Debug|x64
		{F548D1AC-2FAC-3B56-BE3E-16C346BB7B74}.Release|x64.ActiveCfg = Release|x64
		{F548D1AC-2FAC-3B56-BE3E-16C346BB7B74}.Release|x64.Build.0 = Release|x64
	EndGlobalSection
	GlobalSection(NestedProjects) = preSolution
		{AF46C862-72A2-3C1A-B7F8-6B433A087680} = {54E7FD7E-81EA-3B30-A890-3236BB00D67B}
		{F548D1AC-2FAC-3B56-BE3E-16C346BB7B74} = {54E7FD7E-81EA-3B30-A890-3236BB00D67B}
	EndGlobalSection
	GlobalSection(ExtensibilityGlobals) = postSolution
		SolutionGuid = {39F68DA3-4F7A-3002-822D-064B3266B768}
	EndGlobalSection
	GlobalSection(ExtensibilityAddIns) = postSolution
	EndGlobalSection
EndGlobal
