<?xml version="1.0" encoding="utf-8"?>
<Project ToolsVersion="16.0" xmlns="http://schemas.microsoft.com/developer/msbuild/2003">
  <ItemGroup>
    <CustomBuild Include="H:\MComp\8503\CSC8503 2022\Build2\CMakeFiles\c1034e4367d5997c02de6c01d06ce307\generate.stamp.rule">
      <Filter>CMake Rules</Filter>
    </CustomBuild>
  </ItemGroup>
  <ItemGroup>
    <Filter Include="CMake Rules">
      <UniqueIdentifier>{CE942C34-226D-3CE5-B8EF-4B0FD6C921AF}</UniqueIdentifier>
    </Filter>
  </ItemGroup>
</Project>
